
Microsoft Visual Studio Solution File, Format Version 12.00
# Visual Studio Version 17
VisualStudioVersion = 17.1.32210.238
MinimumVisualStudioVersion = 10.0.40219.1
Project("{FAE04EC0-301F-11D3-BF4B-00C04F79EFBC}") = "C-Sharp-Static-HomeWork", "C-Sharp-Static-HomeWork\C-Sharp-Static-HomeWork.csproj", "{5DB49F9C-FA91-4F2F-8785-3C629982DF0F}"
EndProject
Global
	GlobalSection(SolutionConfigurationPlatforms) = preSolution
		Debug|Any CPU = Debug|Any CPU
		Release|Any CPU = Release|Any CPU
	EndGlobalSection
	GlobalSection(ProjectConfigurationPlatforms) = postSolution
		{5DB49F9C-FA91-4F2F-8785-3C629982DF0F}.Debug|Any CPU.ActiveCfg = Debug|Any CPU
		{5DB49F9C-FA91-4F2F-8785-3C629982DF0F}.Debug|Any CPU.Build.0 = Debug|Any CPU
		{5DB49F9C-FA91-4F2F-8785-3C629982DF0F}.Release|Any CPU.ActiveCfg = Release|Any CPU
		{5DB49F9C-FA91-4F2F-8785-3C629982DF0F}.Release|Any CPU.Build.0 = Release|Any CPU
	EndGlobalSection
	GlobalSection(SolutionProperties) = preSolution
		HideSolutionNode = FALSE
	EndGlobalSection
	GlobalSection(ExtensibilityGlobals) = postSolution
		SolutionGuid = {F738AA8D-A032-4D20-B3CB-E6F8E5874AA5}
	EndGlobalSection
EndGlobal
